
Microsoft Visual Studio Solution File, Format Version 12.00
Project("{FAE04EC0-301F-11D3-BF4B-00C04F79EFBC}") = "Shelter.Api", "Shelter.Api\Shelter.Api.csproj", "{47EC6365-C81C-4B15-BB83-F3AFCB036FDD}"
EndProject
Project("{FAE04EC0-301F-11D3-BF4B-00C04F79EFBC}") = "Shelter.App", "Shelter.App\Shelter.App.csproj", "{4F209944-7500-4660-8F3D-A3219B10B44C}"
EndProject
Project("{FAE04EC0-301F-11D3-BF4B-00C04F79EFBC}") = "Shelter.Infrastructure", "Shelter.Infrastructure\Shelter.Infrastructure.csproj", "{112CA7A7-AB66-4BAA-939D-05F74FCC2554}"
EndProject
Project("{FAE04EC0-301F-11D3-BF4B-00C04F79EFBC}") = "Shelter.Domain", "Shelter.Domain\Shelter.Domain.csproj", "{393C6314-7E8A-4787-AEFB-B8F74F836D85}"
EndProject
Project("{2150E333-8FDC-42A3-9474-1A3956D46DE8}") = "Solution Items", "Solution Items", "{95C681A0-0CB2-4BC0-92B7-E4E8E6755F6D}"
	ProjectSection(SolutionItems) = preProject
		.gitignore = .gitignore
	EndProjectSection
EndProject
Global
	GlobalSection(SolutionConfigurationPlatforms) = preSolution
		Debug|Any CPU = Debug|Any CPU
		Release|Any CPU = Release|Any CPU
	EndGlobalSection
	GlobalSection(ProjectConfigurationPlatforms) = postSolution
		{47EC6365-C81C-4B15-BB83-F3AFCB036FDD}.Debug|Any CPU.ActiveCfg = Debug|Any CPU
		{47EC6365-C81C-4B15-BB83-F3AFCB036FDD}.Debug|Any CPU.Build.0 = Debug|Any CPU
		{47EC6365-C81C-4B15-BB83-F3AFCB036FDD}.Release|Any CPU.ActiveCfg = Release|Any CPU
		{47EC6365-C81C-4B15-BB83-F3AFCB036FDD}.Release|Any CPU.Build.0 = Release|Any CPU
		{4F209944-7500-4660-8F3D-A3219B10B44C}.Debug|Any CPU.ActiveCfg = Debug|Any CPU
		{4F209944-7500-4660-8F3D-A3219B10B44C}.Debug|Any CPU.Build.0 = Debug|Any CPU
		{4F209944-7500-4660-8F3D-A3219B10B44C}.Release|Any CPU.ActiveCfg = Release|Any CPU
		{4F209944-7500-4660-8F3D-A3219B10B44C}.Release|Any CPU.Build.0 = Release|Any CPU
		{112CA7A7-AB66-4BAA-939D-05F74FCC2554}.Debug|Any CPU.ActiveCfg = Debug|Any CPU
		{112CA7A7-AB66-4BAA-939D-05F74FCC2554}.Debug|Any CPU.Build.0 = Debug|Any CPU
		{112CA7A7-AB66-4BAA-939D-05F74FCC2554}.Release|Any CPU.ActiveCfg = Release|Any CPU
		{112CA7A7-AB66-4BAA-939D-05F74FCC2554}.Release|Any CPU.Build.0 = Release|Any CPU
		{393C6314-7E8A-4787-AEFB-B8F74F836D85}.Debug|Any CPU.ActiveCfg = Debug|Any CPU
		{393C6314-7E8A-4787-AEFB-B8F74F836D85}.Debug|Any CPU.Build.0 = Debug|Any CPU
		{393C6314-7E8A-4787-AEFB-B8F74F836D85}.Release|Any CPU.ActiveCfg = Release|Any CPU
		{393C6314-7E8A-4787-AEFB-B8F74F836D85}.Release|Any CPU.Build.0 = Release|Any CPU
	EndGlobalSection
EndGlobal
